
Microsoft Visual Studio Solution File, Format Version 12.00
# Visual Studio 2013
VisualStudioVersion = 12.0.21005.1
MinimumVisualStudioVersion = 10.0.40219.1
Project("{FAE04EC0-301F-11D3-BF4B-00C04F79EFBC}") = "IzboriApp", "IzboriApp\IzboriApp.csproj", "{633711F6-37ED-4813-A862-02A8F8058607}"
EndProject
Project("{FAE04EC0-301F-11D3-BF4B-00C04F79EFBC}") = "IzboriMvcApp", "IzboriMvcApp\IzboriMvcApp.csproj", "{30C0F1E7-CDF3-47F3-891B-403A5531DA3F}"
EndProject
Global
	GlobalSection(SolutionConfigurationPlatforms) = preSolution
		Debug|Any CPU = Debug|Any CPU
		Release|Any CPU = Release|Any CPU
	EndGlobalSection
	GlobalSection(ProjectConfigurationPlatforms) = postSolution
		{633711F6-37ED-4813-A862-02A8F8058607}.Debug|Any CPU.ActiveCfg = Debug|Any CPU
		{633711F6-37ED-4813-A862-02A8F8058607}.Debug|Any CPU.Build.0 = Debug|Any CPU
		{633711F6-37ED-4813-A862-02A8F8058607}.Release|Any CPU.ActiveCfg = Release|Any CPU
		{633711F6-37ED-4813-A862-02A8F8058607}.Release|Any CPU.Build.0 = Release|Any CPU
		{30C0F1E7-CDF3-47F3-891B-403A5531DA3F}.Debug|Any CPU.ActiveCfg = Debug|Any CPU
		{30C0F1E7-CDF3-47F3-891B-403A5531DA3F}.Debug|Any CPU.Build.0 = Debug|Any CPU
		{30C0F1E7-CDF3-47F3-891B-403A5531DA3F}.Release|Any CPU.ActiveCfg = Release|Any CPU
		{30C0F1E7-CDF3-47F3-891B-403A5531DA3F}.Release|Any CPU.Build.0 = Release|Any CPU
	EndGlobalSection
	GlobalSection(SolutionProperties) = preSolution
		HideSolutionNode = FALSE
	EndGlobalSection
EndGlobal
